
Microsoft Visual Studio Solution File, Format Version 12.00
# Visual Studio Version 17
VisualStudioVersion = 17.10.35201.131
MinimumVisualStudioVersion = 10.0.40219.1
Project("{FAE04EC0-301F-11D3-BF4B-00C04F79EFBC}") = "ExceptionHandling001", "ExceptionHandling001\ExceptionHandling001.csproj", "{80961318-DDB5-4F0E-A9C8-0D87D602CC59}"
EndProject
Global
	GlobalSection(SolutionConfigurationPlatforms) = preSolution
		Debug|Any CPU = Debug|Any CPU
		Release|Any CPU = Release|Any CPU
	EndGlobalSection
	GlobalSection(ProjectConfigurationPlatforms) = postSolution
		{80961318-DDB5-4F0E-A9C8-0D87D602CC59}.Debug|Any CPU.ActiveCfg = Debug|Any CPU
		{80961318-DDB5-4F0E-A9C8-0D87D602CC59}.Debug|Any CPU.Build.0 = Debug|Any CPU
		{80961318-DDB5-4F0E-A9C8-0D87D602CC59}.Release|Any CPU.ActiveCfg = Release|Any CPU
		{80961318-DDB5-4F0E-A9C8-0D87D602CC59}.Release|Any CPU.Build.0 = Release|Any CPU
	EndGlobalSection
	GlobalSection(SolutionProperties) = preSolution
		HideSolutionNode = FALSE
	EndGlobalSection
	GlobalSection(ExtensibilityGlobals) = postSolution
		SolutionGuid = {0F4FAE09-7B29-4670-AB8D-472A7545BE43}
	EndGlobalSection
EndGlobal
